
Microsoft Visual Studio Solution File, Format Version 12.00
# Visual Studio 15
Project("{FAE04EC0-301F-11D3-BF4B-00C04F79EFBC}") = "Assembly-CSharp", "Assembly-CSharp.csproj", "{033565D8-C5B6-C4C3-059E-F58DAED5C844}"
EndProject
Project("{FAE04EC0-301F-11D3-BF4B-00C04F79EFBC}") = "Assembly-CSharp-Editor", "Assembly-CSharp-Editor.csproj", "{19AB9D33-8497-8543-B833-1CF995E3E263}"
EndProject
Global
	GlobalSection(SolutionConfigurationPlatforms) = preSolution
		Debug|Any CPU = Debug|Any CPU
		Release|Any CPU = Release|Any CPU
	EndGlobalSection
	GlobalSection(ProjectConfigurationPlatforms) = postSolution
		{033565D8-C5B6-C4C3-059E-F58DAED5C844}.Debug|Any CPU.ActiveCfg = Debug|Any CPU
		{033565D8-C5B6-C4C3-059E-F58DAED5C844}.Debug|Any CPU.Build.0 = Debug|Any CPU
		{033565D8-C5B6-C4C3-059E-F58DAED5C844}.Release|Any CPU.ActiveCfg = Release|Any CPU
		{033565D8-C5B6-C4C3-059E-F58DAED5C844}.Release|Any CPU.Build.0 = Release|Any CPU
		{19AB9D33-8497-8543-B833-1CF995E3E263}.Debug|Any CPU.ActiveCfg = Debug|Any CPU
		{19AB9D33-8497-8543-B833-1CF995E3E263}.Debug|Any CPU.Build.0 = Debug|Any CPU
		{19AB9D33-8497-8543-B833-1CF995E3E263}.Release|Any CPU.ActiveCfg = Release|Any CPU
		{19AB9D33-8497-8543-B833-1CF995E3E263}.Release|Any CPU.Build.0 = Release|Any CPU
	EndGlobalSection
	GlobalSection(SolutionProperties) = preSolution
		HideSolutionNode = FALSE
	EndGlobalSection
EndGlobal
